
Microsoft Visual Studio Solution File, Format Version 12.00
# Visual Studio Version 17
VisualStudioVersion = 17.5.33424.131
MinimumVisualStudioVersion = 10.0.40219.1
Project("{FAE04EC0-301F-11D3-BF4B-00C04F79EFBC}") = "LogispinWalletService", "LogispinWalletService\LogispinWalletService.csproj", "{FD9F342A-7CEC-445D-A5BF-D26A43180239}"
EndProject
Project("{9A19103F-16F7-4668-BE54-9A1E7A4F7556}") = "LogispinWalletService.BL", "LogispinWalletService.BL\LogispinWalletService.BL.csproj", "{912447F5-179E-490E-900E-1C980F48C289}"
EndProject
Project("{9A19103F-16F7-4668-BE54-9A1E7A4F7556}") = "LogispinWalletService.DAL", "LogispinWalletService.DAL\LogispinWalletService.DAL.csproj", "{3648800A-E856-4996-8617-579E59D3BA97}"
EndProject
Project("{9A19103F-16F7-4668-BE54-9A1E7A4F7556}") = "LogispinWalletService.Common", "LogspinWalletService.Common\LogispinWalletService.Common.csproj", "{7EA7C75F-C160-48C5-8266-E39A58EFD751}"
EndProject
Project("{9A19103F-16F7-4668-BE54-9A1E7A4F7556}") = "LogispinWalletService.Data", "LogspinWalletService.Data\LogispinWalletService.Data.csproj", "{80871BEB-B881-4455-8101-57FA79A5DDBB}"
EndProject
Global
	GlobalSection(SolutionConfigurationPlatforms) = preSolution
		Debug|Any CPU = Debug|Any CPU
		Release|Any CPU = Release|Any CPU
	EndGlobalSection
	GlobalSection(ProjectConfigurationPlatforms) = postSolution
		{FD9F342A-7CEC-445D-A5BF-D26A43180239}.Debug|Any CPU.ActiveCfg = Debug|Any CPU
		{FD9F342A-7CEC-445D-A5BF-D26A43180239}.Debug|Any CPU.Build.0 = Debug|Any CPU
		{FD9F342A-7CEC-445D-A5BF-D26A43180239}.Release|Any CPU.ActiveCfg = Release|Any CPU
		{FD9F342A-7CEC-445D-A5BF-D26A43180239}.Release|Any CPU.Build.0 = Release|Any CPU
		{912447F5-179E-490E-900E-1C980F48C289}.Debug|Any CPU.ActiveCfg = Debug|Any CPU
		{912447F5-179E-490E-900E-1C980F48C289}.Debug|Any CPU.Build.0 = Debug|Any CPU
		{912447F5-179E-490E-900E-1C980F48C289}.Release|Any CPU.ActiveCfg = Release|Any CPU
		{912447F5-179E-490E-900E-1C980F48C289}.Release|Any CPU.Build.0 = Release|Any CPU
		{3648800A-E856-4996-8617-579E59D3BA97}.Debug|Any CPU.ActiveCfg = Debug|Any CPU
		{3648800A-E856-4996-8617-579E59D3BA97}.Debug|Any CPU.Build.0 = Debug|Any CPU
		{3648800A-E856-4996-8617-579E59D3BA97}.Release|Any CPU.ActiveCfg = Release|Any CPU
		{3648800A-E856-4996-8617-579E59D3BA97}.Release|Any CPU.Build.0 = Release|Any CPU
		{7EA7C75F-C160-48C5-8266-E39A58EFD751}.Debug|Any CPU.ActiveCfg = Debug|Any CPU
		{7EA7C75F-C160-48C5-8266-E39A58EFD751}.Debug|Any CPU.Build.0 = Debug|Any CPU
		{7EA7C75F-C160-48C5-8266-E39A58EFD751}.Release|Any CPU.ActiveCfg = Release|Any CPU
		{7EA7C75F-C160-48C5-8266-E39A58EFD751}.Release|Any CPU.Build.0 = Release|Any CPU
		{80871BEB-B881-4455-8101-57FA79A5DDBB}.Debug|Any CPU.ActiveCfg = Debug|Any CPU
		{80871BEB-B881-4455-8101-57FA79A5DDBB}.Debug|Any CPU.Build.0 = Debug|Any CPU
		{80871BEB-B881-4455-8101-57FA79A5DDBB}.Release|Any CPU.ActiveCfg = Release|Any CPU
		{80871BEB-B881-4455-8101-57FA79A5DDBB}.Release|Any CPU.Build.0 = Release|Any CPU
	EndGlobalSection
	GlobalSection(SolutionProperties) = preSolution
		HideSolutionNode = FALSE
	EndGlobalSection
	GlobalSection(ExtensibilityGlobals) = postSolution
		SolutionGuid = {2334731F-45BA-497B-8044-19D7B1979932}
	EndGlobalSection
EndGlobal
